{"SurveyEntry":{"SurveyID":"SV_4SFJmGoj5rpt5u5","SurveyName":"Daily Life End of the Day Reconstruction","SurveyDescription":null,"SurveyOwnerID":"UR_0qWVUGGq5Gccn3e","SurveyBrandID":"nd","DivisionID":"DV_5no6A3jpZJ0xeRf","SurveyLanguage":"EN","SurveyActiveResponseSet":"RS_eERzEb7l2WxF1fT","SurveyStatus":"Active","SurveyStartDate":"0000-00-00 00:00:00","SurveyExpirationDate":"0000-00-00 00:00:00","SurveyCreationDate":"2015-12-14 10:53:20","CreatorID":"UR_0qWVUGGq5Gccn3e","LastModified":"2015-12-16 12:58:31","LastAccessed":"0000-00-00 00:00:00","LastActivated":"2015-12-15 10:05:40","Deleted":null},"SurveyElements":[{"SurveyID":"SV_4SFJmGoj5rpt5u5","Element":"BL","PrimaryAttribute":"Survey Blocks","SecondaryAttribute":null,"TertiaryAttribute":null,"Payload":[{"Type":"Default","Description":"High Point","ID":"BL_38DIjR6vtbvNUvX","BlockElements":[{"Type":"Question","QuestionID":"QID1"},{"Type":"Question","QuestionID":"QID2"}]},{"Type":"Trash","Description":"Trash \/ Unused Questions","ID":"BL_3aVMQUvDFFweoV7","BlockElements":[{"Type":"Question","QuestionID":"QID8"}]},{"Type":"Standard","SubType":"","Description":"Low Point","ID":"BL_emrptpTE6yjH64Z","BlockElements":[{"Type":"Question","QuestionID":"QID5"},{"Type":"Question","QuestionID":"QID6"}]},{"Type":"Standard","SubType":"","Description":"Typical","ID":"BL_6hFrNDTNQhioL3L","BlockElements":[{"Type":"Question","QuestionID":"QID3"},{"Type":"Question","QuestionID":"QID4"}]},{"Type":"Standard","SubType":"","Description":"Thank you","ID":"BL_cI0fik0cQbXU1MN","BlockElements":[{"Type":"Question","QuestionID":"QID7"}],"Options":{"BlockLocking":"false","RandomizeQuestions":"false","PreviousButton":"","previousButtonMID":"","nextButtonMID":"MS_becnaa4iioaMa21","NextButton":"","previousButtonLibraryID":"GR_dnecardMsi0oggl","nextButtonLibraryID":"GR_dnecardMsi0oggl"}}]},{"SurveyID":"SV_4SFJmGoj5rpt5u5","Element":"FL","PrimaryAttribute":"Survey Flow","SecondaryAttribute":null,"TertiaryAttribute":null,"Payload":{"Type":"Root","FlowID":"FL_1","Flow":[{"Type":"Authenticator","FlowID":"FL_7","PanelData":{"LibraryID":"GR_dnecardMsi0oggl","PanelID":"ML_0PxwwreyE02IE3b","Type":"Expression","LogicType":"Panel"},"FieldData":{"0":{"0":{"PanelField":"RecipientEmail1","fieldLabel":"","Type":"Expression","LogicType":"EmbeddedField","Description":"<span class=\"ConjDesc\">If<\/span> <span class=\"QuestionDesc\"><\/span> <span class=\"LeftOpDesc\">undefined<\/span> Is <span class=\"OpDesc\">#undefined<\/span> "},"Type":"If"},"Type":"BooleanExpression"},"SSOOptions":{"respondentMap":[],"Type":"Token","token":{"EncryptionMethod":"3DES","MacMethod":"MD5","Leeway":300,"BlockCipher":"ECB"},"ldap":{"Hostname":"ldap:\/\/","Port":"389","EmailField":"mail","Filter":"(sAMAccountName=%1)","FirstNameField":"givenname","LastNameField":"sn","ExternalDataReferenceField":""},"UsePanel":"Yes","CaptureRespondentInfo":"No","UseSSO":"","cas":[]},"Options":{"maxAttempts":3,"questionText":{"SystemMessage":{"Section":"ErrorCodes","Message":"EAUTH04"}},"authenticationError":{"SystemMessage":{"Section":"ErrorCodes","Message":"EAUTH02"}},"failedAuthenticationError":{"SystemMessage":{"Section":"ErrorCodes","Message":"EAUTH05"}},"allowRetake":true,"loadExistingSession":false},"Flow":[{"Type":"Block","ID":"BL_38DIjR6vtbvNUvX","FlowID":"FL_2"},{"Type":"Standard","ID":"BL_emrptpTE6yjH64Z","FlowID":"FL_3"},{"Type":"Standard","ID":"BL_6hFrNDTNQhioL3L","FlowID":"FL_4"},{"Type":"Standard","ID":"BL_cI0fik0cQbXU1MN","FlowID":"FL_5"},{"Type":"EmbeddedData","FlowID":"FL_9","EmbeddedData":[{"Description":"DATE","Type":"Recipient","Field":"DATE","VariableType":"Nominal"},{"Description":"ID","Type":"Recipient","Field":"ID","VariableType":"Nominal"}]}]}],"Properties":{"Count":9}}},{"SurveyID":"SV_4SFJmGoj5rpt5u5","Element":"SO","PrimaryAttribute":"Survey Options","SecondaryAttribute":null,"TertiaryAttribute":null,"Payload":{"BackButton":"true","SaveAndContinue":"true","SurveyProtection":"PublicSurvey","BallotBoxStuffingPrevention":"false","NoIndex":"Yes","SurveyExpiration":null,"SurveyTermination":"DefaultMessage","Header":"","Footer":"","ProgressBarDisplay":"None","PartialData":"+1 week","ValidationMessage":null,"PreviousButton":"  <<  ","NextButton":"  >>  ","SkinLibrary":"nd","SkinType":"MQ","Skin":"mendoza1","NewScoring":1,"EOSMessage":"","ShowExportTags":"false","CollectGeoLocation":"false","SurveyTitle":"Daily Life End Of The Day Journal","SurveyMetaDescription":"Qualtrics sophisticated online survey software solutions make creating online surveys easy. Learn more about Research Suite and get a free account today.","PasswordProtection":"No","AnonymizeResponse":"No","Password":"","RefererCheck":"No","RefererURL":"http:\/\/","EOSMessageLibrary":"","EOSRedirectURL":"http:\/\/","EmailThankYou":"false","ThankYouEmailMessageLibrary":null,"ThankYouEmailMessage":null,"ValidateMessage":"false","ValidationMessageLibrary":null,"InactiveSurvey":"DefaultMessage","InactiveMessageLibrary":"","InactiveMessage":"","AvailableLanguages":{"EN":[]},"libraryId":"GR_dnecardMsi0oggl","nextButtonMid":"","previousButtonMid":"","headerMid":"","footerMid":"","QuestionsPerPage":"","PageTransition":"None","ExternalCSS":null,"CustomStyles":{"errorStyles":{"selector":".Skin .ValidationError","styles":{"color":null,"backgroundColor":null,"borderColor":null}},"errorStylesBG":{"selector":".Skin .HeaderValidationError, .Skin .HeaderValidationError li a","styles":{"color":null,"backgroundColor":null}},"pageStyles":{"selector":"#SurveyEngineBody","styles":{"backgroundColor":null}},"textStyles":{"selector":".SkinInner","styles":{"fontFamily":null,"fontSize":null,"fontWeight":null,"fontStyle":null,"textDecoration":null,"color":null}},"questionStyles":{"selector":".Skin .QuestionText","styles":{"fontFamily":null,"fontSize":null,"fontWeight":null,"fontStyle":null,"textDecoration":null,"color":null}},"choiceStyles":{"selector":".Skin .horizontalbar th.ylabel, .Skin .Matrix table td, .Skin .Matrix table th, .Skin .Matrix table thead th, .Skin .Matrix table thead td, .Skin .PGR .DragAndDrop .Items label, .Skin .QuestionBody ul.ChoiceStructure, .Skin .PGR .DragAndDrop .Group ul, .Skin .PGR .DragAndDrop .Group h2, .Skin .PGR .DragAndDrop .Items ul, .Skin .PGR .DragAndDrop .Items h2, .Skin .DD .QuestionBody table.ChoiceStructure, .Skin .PGR .DragAndDrop .NoColumns td.groupsContainerTd div ul, .Skin .PGR .DragAndDrop .NoColumns td.groupsContainerTd div h2, .Skin .SBS thead th, .Skin .SBS td, .Skin .SBS .Answers td, .Skin .SBS .Answers th, .SBS table.ChoiceStructure, .Skin .horizontalbar thead table.LabelDescriptions tr td, .Skin .horizontalbar thead tr td.NotApplicable, .QuestionBody th, .Skin .QuestionBody .MC .MAVR label, .Skin .QuestionBody .MC .SAVR label, .Skin .SBS thead th, .Skin .SBS td, .Skin .RO .DND ul li, .Skin .reg, .SkinInner .ChoiceStructure, .Skin thead, .Skin .GAP .ChoiceStructure thead th, .Skin .GAP .ChoiceStructure .c4, .Skin .GAP .ChoiceStructure th, .Skin .GAP .ChoiceStructure .WhyText, .SkinInner .ChoiceStructure .LightBG, .Skin .QuestionOuter.Highlight .Inner .reg, .Skin .QuestionOuter.Highlight .Inner .alt, .Skin .QuestionOuter.Highlight .Inner .ReadableAlt       ","styles":{"fontFamily":null,"fontSize":null,"fontWeight":null,"fontStyle":null,"textDecoration":null,"color":null}},"headerStyles":{"selector":".Skin div#Header","styles":{"color":null}},"footerStyles":{"selector":".Skin #Footer","styles":{"color":null}},"questionSeparatorStyles":{"selector":".Skin .Separator","styles":{"backgroundColor":null,"display":"block"}},"highlightStyles":{"selector":".Skin .QuestionOuter.Highlight .Inner, .Skin .QuestionOuter.Highlight .Inner .reg, .Skin .QuestionOuter.Highlight .Inner .alt, .Skin .QuestionOuter.Highlight .Inner .ReadableAlt","styles":{"backgroundColor":null}},"highlightStylesAlt":{"selector":".Skin .QuestionOuter.Highlight .Inner .ReadableAlt, .Skin .QuestionOuter.Highlight .Inner .LightBG","styles":{"backgroundColor":null}},"textEntryStyles":{"selector":".Skin select, .Skin .InputText","styles":{"color":null}},"borderStyles":{"selector":".Skin .CS .horizontalbar table.sliderGrid tr.xlabel th, .Skin .CS .horizontalbar .ylabel, .Skin .CS .horizontalbar table.sliderGrid tr td.value, .Skin .Slider .horizontalbar table.sliderGrid tr.xlabel th, .Skin .BorderColor, .Skin .DarkBorderColor, .Skin .Slider .horizontalbar table.sliderGrid tr td.value, .Skin thead, .Skin .GAP .ChoiceStructure thead th  ","styles":{"borderColor":null}},"altRowStyles":{"selector":".Skin .ReadableAlt, .Skin .LightBG","styles":{"backgroundColor":null}},"customCSS":null},"HighlightQuestions":"off"}},{"SurveyID":"SV_4SFJmGoj5rpt5u5","Element":"SCO","PrimaryAttribute":"Scoring","SecondaryAttribute":null,"TertiaryAttribute":null,"Payload":{"ScoringCategories":[],"ScoringCategoryGroups":[],"ScoringSummaryCategory":null,"ScoringSummaryAfterQuestions":0,"ScoringSummaryAfterSurvey":0,"DefaultScoringCategory":null,"AutoScoringCategory":null}},{"SurveyID":"SV_4SFJmGoj5rpt5u5","Element":"QC","PrimaryAttribute":"Survey Question Count","SecondaryAttribute":"8","TertiaryAttribute":null,"Payload":null},{"SurveyID":"SV_4SFJmGoj5rpt5u5","Element":"SQ","PrimaryAttribute":"QID2","SecondaryAttribute":"Approximately, what time of the day did this happen? \u00a0","TertiaryAttribute":null,"Payload":{"QuestionText":"Approximately, what time of the day did this happen?<br \/>\n&nbsp;","DataExportTag":"Q2","QuestionType":"MC","Selector":"DL","Configuration":{"QuestionDescriptionOption":"UseText"},"QuestionDescription":"Approximately, what time of the day did this happen? \u00a0","Choices":{"1":{"Display":"Early Morning"},"2":{"Display":"Midmorning"},"3":{"Display":"Late Morning"},"4":{"Display":"Early Afternoon"},"5":{"Display":"Midafternoon"},"6":{"Display":"Late Afternoon"},"7":{"Display":"Evening"}},"ChoiceOrder":[1,2,3,4,5,6,7],"Validation":{"Settings":{"ForceResponse":"OFF","ForceResponseType":"ON","Type":"None"}},"Language":[],"QuestionID":"QID2"}},{"SurveyID":"SV_4SFJmGoj5rpt5u5","Element":"SQ","PrimaryAttribute":"QID4","SecondaryAttribute":"Approximately, what time of the day did this happen? \u00a0","TertiaryAttribute":null,"Payload":{"QuestionText":"Approximately, what time of the day did this happen?<br \/>\n&nbsp;","DataExportTag":"Q4","QuestionType":"MC","Selector":"DL","Configuration":{"QuestionDescriptionOption":"UseText"},"QuestionDescription":"Approximately, what time of the day did this happen? \u00a0","Choices":{"1":{"Display":"Early Morning"},"2":{"Display":"Midmorning"},"3":{"Display":"Late Morning"},"4":{"Display":"Early Afternoon"},"5":{"Display":"Midafternoon"},"6":{"Display":"Late Afternoon"},"7":{"Display":"Evening"}},"ChoiceOrder":[1,2,3,4,5,6,7],"Validation":{"Settings":{"ForceResponse":"OFF","ForceResponseType":"ON","Type":"None"}},"Language":[],"QuestionID":"QID4"}},{"SurveyID":"SV_4SFJmGoj5rpt5u5","Element":"SQ","PrimaryAttribute":"QID6","SecondaryAttribute":"Approximately, what time of the day did this happen? \u00a0","TertiaryAttribute":null,"Payload":{"QuestionText":"Approximately, what time of the day did this happen?<br \/>\n&nbsp;","DataExportTag":"Q6","QuestionType":"MC","Selector":"DL","Configuration":{"QuestionDescriptionOption":"UseText"},"QuestionDescription":"Approximately, what time of the day did this happen? \u00a0","Choices":{"1":{"Display":"Early Morning"},"2":{"Display":"Midmorning"},"3":{"Display":"Late Morning"},"4":{"Display":"Early Afternoon"},"5":{"Display":"Midafternoon"},"6":{"Display":"Late Afternoon"},"7":{"Display":"Evening"}},"ChoiceOrder":[1,2,3,4,5,6,7],"Validation":{"Settings":{"ForceResponse":"OFF","ForceResponseType":"ON","Type":"None"}},"Language":[],"QuestionID":"QID6"}},{"SurveyID":"SV_4SFJmGoj5rpt5u5","Element":"SQ","PrimaryAttribute":"QID8","SecondaryAttribute":"Click to write the question text","TertiaryAttribute":null,"Payload":{"QuestionText":"Click to write the question text","DataExportTag":"Q8","QuestionType":"MC","Selector":"SAVR","SubSelector":"TX","Configuration":{"QuestionDescriptionOption":"UseText"},"QuestionDescription":"Click to write the question text","Choices":{"1":{"Display":"Click to write Choice 1"},"2":{"Display":"Click to write Choice 2"},"3":{"Display":"Click to write Choice 3"}},"ChoiceOrder":["1","2","3"],"Validation":{"Settings":{"ForceResponse":"OFF","ForceResponseType":"ON","Type":"None"}},"Language":[],"QuestionID":"QID8"}},{"SurveyID":"SV_4SFJmGoj5rpt5u5","Element":"RS","PrimaryAttribute":"RS_eERzEb7l2WxF1fT","SecondaryAttribute":"Default Response Set","TertiaryAttribute":null,"Payload":null},{"SurveyID":"SV_4SFJmGoj5rpt5u5","Element":"SQ","PrimaryAttribute":"QID5","SecondaryAttribute":"Please describe a negative experience or low point of your day.","TertiaryAttribute":null,"Payload":{"QuestionText":"Please describe a negative experience or low point of your day.","DefaultChoices":false,"DataExportTag":"Q5","QuestionType":"TE","Selector":"ESTB","Configuration":{"QuestionDescriptionOption":"UseText"},"QuestionDescription":"Please describe a negative experience or low point of your day.","Validation":{"Settings":{"ForceResponse":"OFF","ForceResponseType":"ON","Type":"None"}},"GradingData":[],"Language":[],"QuestionID":"QID5"}},{"SurveyID":"SV_4SFJmGoj5rpt5u5","Element":"SQ","PrimaryAttribute":"QID1","SecondaryAttribute":"Please describe a positive experience or high point of your day. ","TertiaryAttribute":null,"Payload":{"QuestionText":"Please describe a positive experience or high point of your day.&nbsp;","DefaultChoices":false,"DataExportTag":"Q1","QuestionID":"QID1","QuestionType":"TE","Selector":"ESTB","Configuration":{"QuestionDescriptionOption":"UseText"},"QuestionDescription":"Please describe a positive experience or high point of your day. ","Validation":{"Settings":{"ForceResponse":"OFF","ForceResponseType":"ON","Type":"None"}},"GradingData":[],"Language":[]}},{"SurveyID":"SV_4SFJmGoj5rpt5u5","Element":"SQ","PrimaryAttribute":"QID3","SecondaryAttribute":"Please describe an event\/experience that was typical or normal in your day.","TertiaryAttribute":null,"Payload":{"QuestionText":"Please describe an event\/experience that was typical or normal in your day.","DefaultChoices":false,"DataExportTag":"Q3","QuestionType":"TE","Selector":"ESTB","Configuration":{"QuestionDescriptionOption":"UseText"},"QuestionDescription":"Please describe an event\/experience that was typical or normal in your day.","Validation":{"Settings":{"ForceResponse":"OFF","ForceResponseType":"ON","Type":"None"}},"GradingData":[],"Language":[],"QuestionID":"QID3"}},{"SurveyID":"SV_4SFJmGoj5rpt5u5","Element":"SQ","PrimaryAttribute":"QID7","SecondaryAttribute":"Thank you for participating. \u00a0 When you click the \"submit\" button, the\u00a0answers for today will be..","TertiaryAttribute":null,"Payload":{"QuestionText":"<span style=\"font-size:16px;\"><span style=\"font-family:arial,helvetica,sans-serif;\"><span style=\"font-weight: normal;\">Thank you for participating.<\/span><\/span><\/span>\n<div>&nbsp;<\/div>\n\n<div><span style=\"font-size:16px;\"><span style=\"font-family:arial,helvetica,sans-serif;\"><span style=\"font-weight: normal;\">When you click the \"submit\" button, the&nbsp;<\/span><\/span><\/span><span style=\"font-size: 16px;\">answers for today will be recorded. &nbsp;<\/span><span style=\"font-size: 16px;\">Please let us know if you have any questions or if there is any way we can be of service to you. <\/span><\/div><div><div><span style=\"font-size:16px;\"><span style=\"font-family:arial,helvetica,sans-serif;\"><span style=\"font-weight: normal;\">\n<br>\nThanks again!<\/span><\/span><\/span><\/div>\n<\/div>","DefaultChoices":false,"QuestionType":"DB","Selector":"TB","Configuration":{"QuestionDescriptionOption":"UseText"},"QuestionDescription":"Thank you for participating. \u00a0 When you click the \"submit\" button, the\u00a0answers for today will be...","ChoiceOrder":[],"GradingData":[],"Language":[],"QuestionText_Unsafe":"<span style=\"font-size:16px;\"><span style=\"font-family:arial,helvetica,sans-serif;\"><span style=\"font-weight: normal;\">Thank you for participating in Wave 1 of this study.<\/span><\/span><\/span>\n<div><br>\n<span style=\"font-size:16px;\"><span style=\"font-family:arial,helvetica,sans-serif;\"><span style=\"font-weight: normal;\">Your participation will be very important for our research. <\/span><\/span><\/span><\/div>\n\n<div>&nbsp;<\/div>\n\n<div><span style=\"font-size:16px;\"><span style=\"font-family:arial,helvetica,sans-serif;\"><span style=\"font-weight: normal;\">When you click the \"submit\" button, you will receive an email response with feedback and information about the research. The email will be sent from noreply@qemailserver.com. If you do not receive the feedback within 10 minutes, please check the spam folder in your e-mail account.&nbsp; <\/span><\/span><\/span>\n\n<div><span style=\"font-size:16px;\"><span style=\"font-family:arial,helvetica,sans-serif;\"><span style=\"font-weight: normal;\">&nbsp;<\/span><\/span><\/span><\/div>\n\n<div><span style=\"font-size:16px;\"><span style=\"font-family:arial,helvetica,sans-serif;\"><span style=\"font-weight: normal;\">The next survey will be sent out in the following weeks.&nbsp;&nbsp;For more information about the study or to send us questions, please visit our website.<br>\n<br>\nIn the meantime, please let us know if there is any way we can be of service to you. <br>\n<br>\nThanks again!<\/span><\/span><\/span><\/div>\n<\/div>","QuestionText_Safe":"<span><span><span>Thank you for participating in Wave 1 of this study.<\/span><\/span><\/span>\n<div><br \/><span><span>Your participation will be very important for our research.<\/span><\/span><\/div>\n\n<div>\u00a0<\/div>\n\n<div><span><span><span>\u00a0When you submit this survey, you will receive an email response with feedback and information about the research. The email will be sent from\u00a0<\/span>noreply@qemailserver.com. If you do not receive the feedback within 10 minutes, please check the spam folder in your e-mail account.\u00a0<\/span> <\/span>\n\n<div><span>\u00a0<\/span><\/div>\n\n<div><span><span>The next survey will be sent out in the following weeks.\u00a0\u00a0For more information about the study or to send us questions, please visit our website.<br \/><br \/>\nIn the meantime, please let us know if there is any way we can be of service to you. <br \/><br \/>\nThanks again!<\/span><\/span><\/div>\n<\/div>","DataExportTag":"Q7","QuestionID":"QID7"}}]}